
Microsoft Visual Studio Solution File, Format Version 12.00
# Visual Studio Version 17
VisualStudioVersion = 17.9.34622.214
MinimumVisualStudioVersion = 10.0.40219.1
Project("{FAE04EC0-301F-11D3-BF4B-00C04F79EFBC}") = "Snake", "Snake\Snake.csproj", "{C430E1E0-4009-478A-BCAD-8CC579DBCD8C}"
EndProject
Global
	GlobalSection(SolutionConfigurationPlatforms) = preSolution
		Debug|Any CPU = Debug|Any CPU
		Release|Any CPU = Release|Any CPU
	EndGlobalSection
	GlobalSection(ProjectConfigurationPlatforms) = postSolution
		{C430E1E0-4009-478A-BCAD-8CC579DBCD8C}.Debug|Any CPU.ActiveCfg = Debug|Any CPU
		{C430E1E0-4009-478A-BCAD-8CC579DBCD8C}.Debug|Any CPU.Build.0 = Debug|Any CPU
		{C430E1E0-4009-478A-BCAD-8CC579DBCD8C}.Release|Any CPU.ActiveCfg = Release|Any CPU
		{C430E1E0-4009-478A-BCAD-8CC579DBCD8C}.Release|Any CPU.Build.0 = Release|Any CPU
	EndGlobalSection
	GlobalSection(SolutionProperties) = preSolution
		HideSolutionNode = FALSE
	EndGlobalSection
	GlobalSection(ExtensibilityGlobals) = postSolution
		SolutionGuid = {0D1B46C0-124F-4F98-9242-25B5C9BD7CBB}
	EndGlobalSection
EndGlobal
